
Microsoft Visual Studio Solution File, Format Version 12.00
# Visual Studio Version 16
VisualStudioVersion = 16.0.32106.194
MinimumVisualStudioVersion = 10.0.40219.1
Project("{FAE04EC0-301F-11D3-BF4B-00C04F79EFBC}") = "cs_study_JS", "cs_study_JS\cs_study_JS.csproj", "{1E5B716C-4CE0-4F1A-B009-996BDDCC5D56}"
EndProject
Global
	GlobalSection(SolutionConfigurationPlatforms) = preSolution
		Debug|Any CPU = Debug|Any CPU
		Release|Any CPU = Release|Any CPU
	EndGlobalSection
	GlobalSection(ProjectConfigurationPlatforms) = postSolution
		{1E5B716C-4CE0-4F1A-B009-996BDDCC5D56}.Debug|Any CPU.ActiveCfg = Debug|Any CPU
		{1E5B716C-4CE0-4F1A-B009-996BDDCC5D56}.Debug|Any CPU.Build.0 = Debug|Any CPU
		{1E5B716C-4CE0-4F1A-B009-996BDDCC5D56}.Release|Any CPU.ActiveCfg = Release|Any CPU
		{1E5B716C-4CE0-4F1A-B009-996BDDCC5D56}.Release|Any CPU.Build.0 = Release|Any CPU
	EndGlobalSection
	GlobalSection(SolutionProperties) = preSolution
		HideSolutionNode = FALSE
	EndGlobalSection
	GlobalSection(ExtensibilityGlobals) = postSolution
		SolutionGuid = {64CD549A-098D-4E62-AF93-29B1BC157458}
	EndGlobalSection
EndGlobal
